
Microsoft Visual Studio Solution File, Format Version 12.00
# Visual Studio Version 17
VisualStudioVersion = 17.5.002.0
MinimumVisualStudioVersion = 10.0.40219.1
Project("{9A19103F-16F7-4668-BE54-9A1E7A4F7556}") = "CS0058_Entity_Framework_Razor", "CS0058_Entity_Framework_Razor.csproj", "{02B37521-F254-467D-8CC4-6651F2CEA7C9}"
EndProject
Global
	GlobalSection(SolutionConfigurationPlatforms) = preSolution
		Debug|Any CPU = Debug|Any CPU
		Release|Any CPU = Release|Any CPU
	EndGlobalSection
	GlobalSection(ProjectConfigurationPlatforms) = postSolution
		{02B37521-F254-467D-8CC4-6651F2CEA7C9}.Debug|Any CPU.ActiveCfg = Debug|Any CPU
		{02B37521-F254-467D-8CC4-6651F2CEA7C9}.Debug|Any CPU.Build.0 = Debug|Any CPU
		{02B37521-F254-467D-8CC4-6651F2CEA7C9}.Release|Any CPU.ActiveCfg = Release|Any CPU
		{02B37521-F254-467D-8CC4-6651F2CEA7C9}.Release|Any CPU.Build.0 = Release|Any CPU
	EndGlobalSection
	GlobalSection(SolutionProperties) = preSolution
		HideSolutionNode = FALSE
	EndGlobalSection
	GlobalSection(ExtensibilityGlobals) = postSolution
		SolutionGuid = {7D00F651-0C53-4DC2-885C-0E06BB590EA1}
	EndGlobalSection
EndGlobal
